<Solution>
  <Folder Name="/Solution Items/" />
  <Project Path="Assignment_5.1.1/Assignment_5.1.1.csproj" Id="0068de83-44c5-47e0-aa53-76b51cf8db7f" />
  <Project Path="Assignment_5.1.2/Assignment_5.1.2.csproj" Id="bffe8f77-d674-414a-870e-ca2c883b78aa" />
  <Project Path="Assignment_5.1.3/Assignment_5.1.3.csproj" Id="ea516d43-82bc-474d-9f33-032525f0e4a3" />
  <Project Path="Assignment_5.1.fibonacci/Assignment_5.1.fibonacci.csproj" Id="fb761ec5-a065-4a5b-97ac-57dda3464bf0" />
</Solution>
