<Solution>
  <Project Path="Assignment_5.2.1.1/Assignment_5.2.1.csproj" Id="93c96df8-d84c-451e-85f7-02a66584d476" />
  <Project Path="Assignment_5.2.2/Assignment_5.2.2.csproj" Id="4180cca9-13aa-4d89-9eaf-f4f307330f84" />
  <Project Path="Assignment_5.2.3/Assignment_5.2.3.csproj" Id="83bb8957-1a4c-4bf8-aa74-c0e6aeff3487" />
  <Project Path="Assignment_5.2.4/Assignment_5.2.4.csproj" Id="e9beeac3-9b0e-4227-9364-ef4dee72c2d2" />
</Solution>
